
Microsoft Visual Studio Solution File, Format Version 12.00
# Visual Studio Version 17
VisualStudioVersion = 17.4.33110.190
MinimumVisualStudioVersion = 10.0.40219.1
Project("{FAE04EC0-301F-11D3-BF4B-00C04F79EFBC}") = "SignalRInvoke", "SignalRInvoke\SignalRInvoke.csproj", "{6F7FACE9-C7D1-4028-ADE8-16E8BF7E5C1E}"
EndProject
Global
	GlobalSection(SolutionConfigurationPlatforms) = preSolution
		Debug|Any CPU = Debug|Any CPU
		Release|Any CPU = Release|Any CPU
	EndGlobalSection
	GlobalSection(ProjectConfigurationPlatforms) = postSolution
		{6F7FACE9-C7D1-4028-ADE8-16E8BF7E5C1E}.Debug|Any CPU.ActiveCfg = Debug|Any CPU
		{6F7FACE9-C7D1-4028-ADE8-16E8BF7E5C1E}.Debug|Any CPU.Build.0 = Debug|Any CPU
		{6F7FACE9-C7D1-4028-ADE8-16E8BF7E5C1E}.Release|Any CPU.ActiveCfg = Release|Any CPU
		{6F7FACE9-C7D1-4028-ADE8-16E8BF7E5C1E}.Release|Any CPU.Build.0 = Release|Any CPU
	EndGlobalSection
	GlobalSection(SolutionProperties) = preSolution
		HideSolutionNode = FALSE
	EndGlobalSection
	GlobalSection(ExtensibilityGlobals) = postSolution
		SolutionGuid = {99F45267-3663-48CF-9692-173629CD9DA5}
	EndGlobalSection
EndGlobal
